
Microsoft Visual Studio Solution File, Format Version 12.00
# Visual Studio 15
VisualStudioVersion = 15.0.27130.2010
MinimumVisualStudioVersion = 10.0.40219.1
Project("{E24C65DC-7377-472B-9ABA-BC803B73C61A}") = "BootStrap", "BootStrap\", "{9BBA4EBF-1BBF-4496-A57F-9CC0FE8DA9AF}"
	ProjectSection(WebsiteProperties) = preProject
		TargetFrameworkMoniker = ".NETFramework,Version%3Dv4.6.1"
		Debug.AspNetCompiler.VirtualPath = "/localhost_55477"
		Debug.AspNetCompiler.PhysicalPath = "BootStrap\"
		Debug.AspNetCompiler.TargetPath = "PrecompiledWeb\localhost_55477\"
		Debug.AspNetCompiler.Updateable = "true"
		Debug.AspNetCompiler.ForceOverwrite = "true"
		Debug.AspNetCompiler.FixedNames = "false"
		Debug.AspNetCompiler.Debug = "True"
		Release.AspNetCompiler.VirtualPath = "/localhost_55477"
		Release.AspNetCompiler.PhysicalPath = "BootStrap\"
		Release.AspNetCompiler.TargetPath = "PrecompiledWeb\localhost_55477\"
		Release.AspNetCompiler.Updateable = "true"
		Release.AspNetCompiler.ForceOverwrite = "true"
		Release.AspNetCompiler.FixedNames = "false"
		Release.AspNetCompiler.Debug = "False"
		VWDPort = "55477"
		SlnRelativePath = "BootStrap\"
		DefaultWebSiteLanguage = "Visual C#"
	EndProjectSection
EndProject
Global
	GlobalSection(SolutionConfigurationPlatforms) = preSolution
		Debug|Any CPU = Debug|Any CPU
	EndGlobalSection
	GlobalSection(ProjectConfigurationPlatforms) = postSolution
		{9BBA4EBF-1BBF-4496-A57F-9CC0FE8DA9AF}.Debug|Any CPU.ActiveCfg = Debug|Any CPU
		{9BBA4EBF-1BBF-4496-A57F-9CC0FE8DA9AF}.Debug|Any CPU.Build.0 = Debug|Any CPU
	EndGlobalSection
	GlobalSection(SolutionProperties) = preSolution
		HideSolutionNode = FALSE
	EndGlobalSection
	GlobalSection(ExtensibilityGlobals) = postSolution
		SolutionGuid = {BEC174E0-7962-4AA9-AC10-D97AB48B0769}
	EndGlobalSection
EndGlobal
